{
  "requires": true,
  "lockfileVersion": 1,
  "dependencies": {
    "react-app-rewire-micro-frontends": {
      "version": "0.0.1",
      "resolved": "https://registry.npmjs.org/react-app-rewire-micro-frontends/-/react-app-rewire-micro-frontends-0.0.1.tgz",
      "integrity": "sha512-3LYKvHksxKDr6IfhjrG5T7W27YBK37ISUltx3yE9h0end4y+Xf5bZqAABh5V6eCf/nW1ykDKa2Onqt/cpswnBQ==",
      "dev": true
    }
  }
}
